
Microsoft Visual Studio Solution File, Format Version 12.00
# Visual Studio Version 16
VisualStudioVersion = 16.0.29025.244
MinimumVisualStudioVersion = 10.0.40219.1
Project("{FAE04EC0-301F-11D3-BF4B-00C04F79EFBC}") = "Liverpool", "Liverpool\Liverpool.csproj", "{675D255D-4103-43A9-9DD4-92BFDCC6D7C9}"
EndProject
Global
	GlobalSection(SolutionConfigurationPlatforms) = preSolution
		Debug|Any CPU = Debug|Any CPU
		Debug|x64 = Debug|x64
		Release|Any CPU = Release|Any CPU
		Release|x64 = Release|x64
	EndGlobalSection
	GlobalSection(ProjectConfigurationPlatforms) = postSolution
		{675D255D-4103-43A9-9DD4-92BFDCC6D7C9}.Debug|Any CPU.ActiveCfg = Debug|Any CPU
		{675D255D-4103-43A9-9DD4-92BFDCC6D7C9}.Debug|Any CPU.Build.0 = Debug|Any CPU
		{675D255D-4103-43A9-9DD4-92BFDCC6D7C9}.Debug|x64.ActiveCfg = Debug|Any CPU
		{675D255D-4103-43A9-9DD4-92BFDCC6D7C9}.Debug|x64.Build.0 = Debug|Any CPU
		{675D255D-4103-43A9-9DD4-92BFDCC6D7C9}.Release|Any CPU.ActiveCfg = Release|Any CPU
		{675D255D-4103-43A9-9DD4-92BFDCC6D7C9}.Release|Any CPU.Build.0 = Release|Any CPU
		{675D255D-4103-43A9-9DD4-92BFDCC6D7C9}.Release|x64.ActiveCfg = Release|x64
		{675D255D-4103-43A9-9DD4-92BFDCC6D7C9}.Release|x64.Build.0 = Release|x64
	EndGlobalSection
	GlobalSection(SolutionProperties) = preSolution
		HideSolutionNode = FALSE
	EndGlobalSection
	GlobalSection(ExtensibilityGlobals) = postSolution
		SolutionGuid = {E10DDE2B-992F-4E66-A5E7-ADB7713336F2}
	EndGlobalSection
EndGlobal
